
Microsoft Visual Studio Solution File, Format Version 12.00
# Visual Studio Version 17
VisualStudioVersion = 17.5.33627.172
MinimumVisualStudioVersion = 10.0.40219.1
Project("{9A19103F-16F7-4668-BE54-9A1E7A4F7556}") = "Firelink.App.Server", "Firelink.App\Server\Firelink.App.Server.csproj", "{7DA0D34B-B491-4611-98CA-2A4F1B1BB1C5}"
EndProject
Project("{9A19103F-16F7-4668-BE54-9A1E7A4F7556}") = "Firelink.App.Client", "Firelink.App\Client\Firelink.App.Client.csproj", "{AB916F3A-D06F-40B2-98F3-38D8006F809C}"
EndProject
Project("{9A19103F-16F7-4668-BE54-9A1E7A4F7556}") = "Firelink.App.Shared", "Firelink.App\Shared\Firelink.App.Shared.csproj", "{17C09E04-2DFC-4B3E-BEBE-2BA1A23D199E}"
EndProject
Project("{9A19103F-16F7-4668-BE54-9A1E7A4F7556}") = "Application", "Firelink.App\Application\Application.csproj", "{A50F3B8D-AFA0-437D-A4DC-39E7CA12CDC9}"
EndProject
Project("{9A19103F-16F7-4668-BE54-9A1E7A4F7556}") = "Infrastructure", "Firelink.App\Infrastructure\Infrastructure.csproj", "{84DB59F0-6FAA-4497-B418-2CE79FD6CCC0}"
EndProject
Project("{9A19103F-16F7-4668-BE54-9A1E7A4F7556}") = "TuyaConnector", "Firelink.App\TuyaConnector\TuyaConnector.csproj", "{F68A1803-1433-4818-84A1-82C494466855}"
EndProject
Project("{FAE04EC0-301F-11D3-BF4B-00C04F79EFBC}") = "Presentation", "Presentation\Presentation.csproj", "{C4B11B46-5290-49A9-9970-DCC43ABFF11A}"
EndProject
Global
	GlobalSection(SolutionConfigurationPlatforms) = preSolution
		Debug|Any CPU = Debug|Any CPU
		Release|Any CPU = Release|Any CPU
	EndGlobalSection
	GlobalSection(ProjectConfigurationPlatforms) = postSolution
		{7DA0D34B-B491-4611-98CA-2A4F1B1BB1C5}.Debug|Any CPU.ActiveCfg = Debug|Any CPU
		{7DA0D34B-B491-4611-98CA-2A4F1B1BB1C5}.Debug|Any CPU.Build.0 = Debug|Any CPU
		{7DA0D34B-B491-4611-98CA-2A4F1B1BB1C5}.Release|Any CPU.ActiveCfg = Release|Any CPU
		{7DA0D34B-B491-4611-98CA-2A4F1B1BB1C5}.Release|Any CPU.Build.0 = Release|Any CPU
		{AB916F3A-D06F-40B2-98F3-38D8006F809C}.Debug|Any CPU.ActiveCfg = Debug|Any CPU
		{AB916F3A-D06F-40B2-98F3-38D8006F809C}.Debug|Any CPU.Build.0 = Debug|Any CPU
		{AB916F3A-D06F-40B2-98F3-38D8006F809C}.Release|Any CPU.ActiveCfg = Release|Any CPU
		{AB916F3A-D06F-40B2-98F3-38D8006F809C}.Release|Any CPU.Build.0 = Release|Any CPU
		{17C09E04-2DFC-4B3E-BEBE-2BA1A23D199E}.Debug|Any CPU.ActiveCfg = Debug|Any CPU
		{17C09E04-2DFC-4B3E-BEBE-2BA1A23D199E}.Debug|Any CPU.Build.0 = Debug|Any CPU
		{17C09E04-2DFC-4B3E-BEBE-2BA1A23D199E}.Release|Any CPU.ActiveCfg = Release|Any CPU
		{17C09E04-2DFC-4B3E-BEBE-2BA1A23D199E}.Release|Any CPU.Build.0 = Release|Any CPU
		{A50F3B8D-AFA0-437D-A4DC-39E7CA12CDC9}.Debug|Any CPU.ActiveCfg = Debug|Any CPU
		{A50F3B8D-AFA0-437D-A4DC-39E7CA12CDC9}.Debug|Any CPU.Build.0 = Debug|Any CPU
		{A50F3B8D-AFA0-437D-A4DC-39E7CA12CDC9}.Release|Any CPU.ActiveCfg = Release|Any CPU
		{A50F3B8D-AFA0-437D-A4DC-39E7CA12CDC9}.Release|Any CPU.Build.0 = Release|Any CPU
		{84DB59F0-6FAA-4497-B418-2CE79FD6CCC0}.Debug|Any CPU.ActiveCfg = Debug|Any CPU
		{84DB59F0-6FAA-4497-B418-2CE79FD6CCC0}.Debug|Any CPU.Build.0 = Debug|Any CPU
		{84DB59F0-6FAA-4497-B418-2CE79FD6CCC0}.Release|Any CPU.ActiveCfg = Release|Any CPU
		{84DB59F0-6FAA-4497-B418-2CE79FD6CCC0}.Release|Any CPU.Build.0 = Release|Any CPU
		{F68A1803-1433-4818-84A1-82C494466855}.Debug|Any CPU.ActiveCfg = Debug|Any CPU
		{F68A1803-1433-4818-84A1-82C494466855}.Debug|Any CPU.Build.0 = Debug|Any CPU
		{F68A1803-1433-4818-84A1-82C494466855}.Release|Any CPU.ActiveCfg = Release|Any CPU
		{F68A1803-1433-4818-84A1-82C494466855}.Release|Any CPU.Build.0 = Release|Any CPU
		{C4B11B46-5290-49A9-9970-DCC43ABFF11A}.Debug|Any CPU.ActiveCfg = Debug|Any CPU
		{C4B11B46-5290-49A9-9970-DCC43ABFF11A}.Debug|Any CPU.Build.0 = Debug|Any CPU
		{C4B11B46-5290-49A9-9970-DCC43ABFF11A}.Release|Any CPU.ActiveCfg = Release|Any CPU
		{C4B11B46-5290-49A9-9970-DCC43ABFF11A}.Release|Any CPU.Build.0 = Release|Any CPU
	EndGlobalSection
	GlobalSection(SolutionProperties) = preSolution
		HideSolutionNode = FALSE
	EndGlobalSection
	GlobalSection(ExtensibilityGlobals) = postSolution
		SolutionGuid = {9D9505A1-E1B7-4BB8-9D84-F341D7F9DB38}
	EndGlobalSection
EndGlobal
