
Microsoft Visual Studio Solution File, Format Version 12.00
# Visual Studio Version 17
VisualStudioVersion = 17.5.33627.172
MinimumVisualStudioVersion = 10.0.40219.1
Project("{9A19103F-16F7-4668-BE54-9A1E7A4F7556}") = "Application", "Firelink.App\Application\Application.csproj", "{A50F3B8D-AFA0-437D-A4DC-39E7CA12CDC9}"
EndProject
Project("{9A19103F-16F7-4668-BE54-9A1E7A4F7556}") = "Infrastructure", "Firelink.App\Infrastructure\Infrastructure.csproj", "{84DB59F0-6FAA-4497-B418-2CE79FD6CCC0}"
EndProject
Project("{9A19103F-16F7-4668-BE54-9A1E7A4F7556}") = "Presentation", "Presentation\Presentation.csproj", "{C4B11B46-5290-49A9-9970-DCC43ABFF11A}"
EndProject
Project("{9A19103F-16F7-4668-BE54-9A1E7A4F7556}") = "Domain", "Firelink.App\Domain\Domain.csproj", "{730EAE60-3DC8-46AD-BB1B-EDD7DB397AF8}"
EndProject
Global
	GlobalSection(SolutionConfigurationPlatforms) = preSolution
		Debug|Any CPU = Debug|Any CPU
		Release|Any CPU = Release|Any CPU
	EndGlobalSection
	GlobalSection(ProjectConfigurationPlatforms) = postSolution
		{A50F3B8D-AFA0-437D-A4DC-39E7CA12CDC9}.Debug|Any CPU.ActiveCfg = Debug|Any CPU
		{A50F3B8D-AFA0-437D-A4DC-39E7CA12CDC9}.Debug|Any CPU.Build.0 = Debug|Any CPU
		{A50F3B8D-AFA0-437D-A4DC-39E7CA12CDC9}.Release|Any CPU.ActiveCfg = Release|Any CPU
		{A50F3B8D-AFA0-437D-A4DC-39E7CA12CDC9}.Release|Any CPU.Build.0 = Release|Any CPU
		{84DB59F0-6FAA-4497-B418-2CE79FD6CCC0}.Debug|Any CPU.ActiveCfg = Debug|Any CPU
		{84DB59F0-6FAA-4497-B418-2CE79FD6CCC0}.Debug|Any CPU.Build.0 = Debug|Any CPU
		{84DB59F0-6FAA-4497-B418-2CE79FD6CCC0}.Release|Any CPU.ActiveCfg = Release|Any CPU
		{84DB59F0-6FAA-4497-B418-2CE79FD6CCC0}.Release|Any CPU.Build.0 = Release|Any CPU
		{C4B11B46-5290-49A9-9970-DCC43ABFF11A}.Debug|Any CPU.ActiveCfg = Debug|Any CPU
		{C4B11B46-5290-49A9-9970-DCC43ABFF11A}.Debug|Any CPU.Build.0 = Debug|Any CPU
		{C4B11B46-5290-49A9-9970-DCC43ABFF11A}.Release|Any CPU.ActiveCfg = Release|Any CPU
		{C4B11B46-5290-49A9-9970-DCC43ABFF11A}.Release|Any CPU.Build.0 = Release|Any CPU
		{730EAE60-3DC8-46AD-BB1B-EDD7DB397AF8}.Debug|Any CPU.ActiveCfg = Debug|Any CPU
		{730EAE60-3DC8-46AD-BB1B-EDD7DB397AF8}.Debug|Any CPU.Build.0 = Debug|Any CPU
		{730EAE60-3DC8-46AD-BB1B-EDD7DB397AF8}.Release|Any CPU.ActiveCfg = Release|Any CPU
		{730EAE60-3DC8-46AD-BB1B-EDD7DB397AF8}.Release|Any CPU.Build.0 = Release|Any CPU
	EndGlobalSection
	GlobalSection(SolutionProperties) = preSolution
		HideSolutionNode = FALSE
	EndGlobalSection
	GlobalSection(ExtensibilityGlobals) = postSolution
		SolutionGuid = {9D9505A1-E1B7-4BB8-9D84-F341D7F9DB38}
	EndGlobalSection
EndGlobal
